
Microsoft Visual Studio Solution File, Format Version 12.00
# Visual Studio Version 17
VisualStudioVersion = 17.10.34928.147
MinimumVisualStudioVersion = 10.0.40219.1
Project("{FAE04EC0-301F-11D3-BF4B-00C04F79EFBC}") = "BasicLineSegment2", "BasicLineSegment2\BasicLineSegment2.csproj", "{D63DC919-C8D8-4761-906F-C055FEBF06A4}"
EndProject
Global
	GlobalSection(SolutionConfigurationPlatforms) = preSolution
		Debug|Any CPU = Debug|Any CPU
		Release|Any CPU = Release|Any CPU
	EndGlobalSection
	GlobalSection(ProjectConfigurationPlatforms) = postSolution
		{D63DC919-C8D8-4761-906F-C055FEBF06A4}.Debug|Any CPU.ActiveCfg = Debug|Any CPU
		{D63DC919-C8D8-4761-906F-C055FEBF06A4}.Debug|Any CPU.Build.0 = Debug|Any CPU
		{D63DC919-C8D8-4761-906F-C055FEBF06A4}.Release|Any CPU.ActiveCfg = Release|Any CPU
		{D63DC919-C8D8-4761-906F-C055FEBF06A4}.Release|Any CPU.Build.0 = Release|Any CPU
	EndGlobalSection
	GlobalSection(SolutionProperties) = preSolution
		HideSolutionNode = FALSE
	EndGlobalSection
	GlobalSection(ExtensibilityGlobals) = postSolution
		SolutionGuid = {D54FA5C0-11E9-44CB-917D-9F1BB2A1CCAA}
	EndGlobalSection
EndGlobal
