
Microsoft Visual Studio Solution File, Format Version 12.00
# Visual Studio Version 17
VisualStudioVersion = 17.10.34928.147
MinimumVisualStudioVersion = 10.0.40219.1
Project("{FAE04EC0-301F-11D3-BF4B-00C04F79EFBC}") = "OverlayingDrawings", "OverlayingDrawings\OverlayingDrawings.csproj", "{3D060D75-E4D9-49EE-BD47-245B45233E68}"
EndProject
Global
	GlobalSection(SolutionConfigurationPlatforms) = preSolution
		Debug|Any CPU = Debug|Any CPU
		Release|Any CPU = Release|Any CPU
	EndGlobalSection
	GlobalSection(ProjectConfigurationPlatforms) = postSolution
		{3D060D75-E4D9-49EE-BD47-245B45233E68}.Debug|Any CPU.ActiveCfg = Debug|Any CPU
		{3D060D75-E4D9-49EE-BD47-245B45233E68}.Debug|Any CPU.Build.0 = Debug|Any CPU
		{3D060D75-E4D9-49EE-BD47-245B45233E68}.Release|Any CPU.ActiveCfg = Release|Any CPU
		{3D060D75-E4D9-49EE-BD47-245B45233E68}.Release|Any CPU.Build.0 = Release|Any CPU
	EndGlobalSection
	GlobalSection(SolutionProperties) = preSolution
		HideSolutionNode = FALSE
	EndGlobalSection
	GlobalSection(ExtensibilityGlobals) = postSolution
		SolutionGuid = {9B10C9B2-D5F6-4FF2-9550-BE84D79E4F47}
	EndGlobalSection
EndGlobal
