
Microsoft Visual Studio Solution File, Format Version 12.00
# Visual Studio Version 17
VisualStudioVersion = 17.10.34928.147
MinimumVisualStudioVersion = 10.0.40219.1
Project("{FAE04EC0-301F-11D3-BF4B-00C04F79EFBC}") = "TextOverflow", "TextOverflow\TextOverflow.csproj", "{FCC03050-53DE-4270-B0F3-4AE95654A30B}"
EndProject
Global
	GlobalSection(SolutionConfigurationPlatforms) = preSolution
		Debug|Any CPU = Debug|Any CPU
		Release|Any CPU = Release|Any CPU
	EndGlobalSection
	GlobalSection(ProjectConfigurationPlatforms) = postSolution
		{FCC03050-53DE-4270-B0F3-4AE95654A30B}.Debug|Any CPU.ActiveCfg = Debug|Any CPU
		{FCC03050-53DE-4270-B0F3-4AE95654A30B}.Debug|Any CPU.Build.0 = Debug|Any CPU
		{FCC03050-53DE-4270-B0F3-4AE95654A30B}.Release|Any CPU.ActiveCfg = Release|Any CPU
		{FCC03050-53DE-4270-B0F3-4AE95654A30B}.Release|Any CPU.Build.0 = Release|Any CPU
	EndGlobalSection
	GlobalSection(SolutionProperties) = preSolution
		HideSolutionNode = FALSE
	EndGlobalSection
	GlobalSection(ExtensibilityGlobals) = postSolution
		SolutionGuid = {48037510-D431-4145-A588-41546F744D1D}
	EndGlobalSection
EndGlobal
