
Microsoft Visual Studio Solution File, Format Version 12.00
# Visual Studio Version 17
VisualStudioVersion = 17.10.34928.147
MinimumVisualStudioVersion = 10.0.40219.1
Project("{FAE04EC0-301F-11D3-BF4B-00C04F79EFBC}") = "IntersectionDetection", "IntersectionDetection\IntersectionDetection.csproj", "{6ED7EE20-E01D-466B-A3F9-867E81508CB0}"
EndProject
Global
	GlobalSection(SolutionConfigurationPlatforms) = preSolution
		Debug|Any CPU = Debug|Any CPU
		Release|Any CPU = Release|Any CPU
	EndGlobalSection
	GlobalSection(ProjectConfigurationPlatforms) = postSolution
		{6ED7EE20-E01D-466B-A3F9-867E81508CB0}.Debug|Any CPU.ActiveCfg = Debug|Any CPU
		{6ED7EE20-E01D-466B-A3F9-867E81508CB0}.Debug|Any CPU.Build.0 = Debug|Any CPU
		{6ED7EE20-E01D-466B-A3F9-867E81508CB0}.Release|Any CPU.ActiveCfg = Release|Any CPU
		{6ED7EE20-E01D-466B-A3F9-867E81508CB0}.Release|Any CPU.Build.0 = Release|Any CPU
	EndGlobalSection
	GlobalSection(SolutionProperties) = preSolution
		HideSolutionNode = FALSE
	EndGlobalSection
	GlobalSection(ExtensibilityGlobals) = postSolution
		SolutionGuid = {8E0997D7-078A-4B6D-A1FD-BE20F246FF59}
	EndGlobalSection
EndGlobal
