
Microsoft Visual Studio Solution File, Format Version 12.00
# Visual Studio Version 17
VisualStudioVersion = 17.10.34928.147
MinimumVisualStudioVersion = 10.0.40219.1
Project("{FAE04EC0-301F-11D3-BF4B-00C04F79EFBC}") = "DynamicRectangleCreation", "DynamicRectangleCreation\DynamicRectangleCreation.csproj", "{6B91E6DD-4C32-4AEC-84EF-0C0731593F26}"
EndProject
Global
	GlobalSection(SolutionConfigurationPlatforms) = preSolution
		Debug|Any CPU = Debug|Any CPU
		Release|Any CPU = Release|Any CPU
	EndGlobalSection
	GlobalSection(ProjectConfigurationPlatforms) = postSolution
		{6B91E6DD-4C32-4AEC-84EF-0C0731593F26}.Debug|Any CPU.ActiveCfg = Debug|Any CPU
		{6B91E6DD-4C32-4AEC-84EF-0C0731593F26}.Debug|Any CPU.Build.0 = Debug|Any CPU
		{6B91E6DD-4C32-4AEC-84EF-0C0731593F26}.Release|Any CPU.ActiveCfg = Release|Any CPU
		{6B91E6DD-4C32-4AEC-84EF-0C0731593F26}.Release|Any CPU.Build.0 = Release|Any CPU
	EndGlobalSection
	GlobalSection(SolutionProperties) = preSolution
		HideSolutionNode = FALSE
	EndGlobalSection
	GlobalSection(ExtensibilityGlobals) = postSolution
		SolutionGuid = {8B79C16E-1D2F-49DA-8CB3-85FD42A89BCA}
	EndGlobalSection
EndGlobal
