
Microsoft Visual Studio Solution File, Format Version 12.00
# Visual Studio Version 17
VisualStudioVersion = 17.10.34928.147
MinimumVisualStudioVersion = 10.0.40219.1
Project("{FAE04EC0-301F-11D3-BF4B-00C04F79EFBC}") = "Basic Drawing Shapes", "Basic Drawing Shapes\Basic Drawing Shapes.csproj", "{7A360622-9997-417E-B8BB-B7C45D66212A}"
EndProject
Global
	GlobalSection(SolutionConfigurationPlatforms) = preSolution
		Debug|Any CPU = Debug|Any CPU
		Release|Any CPU = Release|Any CPU
	EndGlobalSection
	GlobalSection(ProjectConfigurationPlatforms) = postSolution
		{7A360622-9997-417E-B8BB-B7C45D66212A}.Debug|Any CPU.ActiveCfg = Debug|Any CPU
		{7A360622-9997-417E-B8BB-B7C45D66212A}.Debug|Any CPU.Build.0 = Debug|Any CPU
		{7A360622-9997-417E-B8BB-B7C45D66212A}.Release|Any CPU.ActiveCfg = Release|Any CPU
		{7A360622-9997-417E-B8BB-B7C45D66212A}.Release|Any CPU.Build.0 = Release|Any CPU
	EndGlobalSection
	GlobalSection(SolutionProperties) = preSolution
		HideSolutionNode = FALSE
	EndGlobalSection
	GlobalSection(ExtensibilityGlobals) = postSolution
		SolutionGuid = {E2DE0CA1-B656-4726-AEFA-E0D738382885}
	EndGlobalSection
EndGlobal
