
Microsoft Visual Studio Solution File, Format Version 12.00
# Visual Studio Version 17
VisualStudioVersion = 17.10.34928.147
MinimumVisualStudioVersion = 10.0.40219.1
Project("{FAE04EC0-301F-11D3-BF4B-00C04F79EFBC}") = "RectangleWithRoundedCorners", "RectangleWithRoundedCorners\RectangleWithRoundedCorners.csproj", "{2B60BAE5-C60C-4722-A746-5753A2AAB465}"
EndProject
Global
	GlobalSection(SolutionConfigurationPlatforms) = preSolution
		Debug|Any CPU = Debug|Any CPU
		Release|Any CPU = Release|Any CPU
	EndGlobalSection
	GlobalSection(ProjectConfigurationPlatforms) = postSolution
		{2B60BAE5-C60C-4722-A746-5753A2AAB465}.Debug|Any CPU.ActiveCfg = Debug|Any CPU
		{2B60BAE5-C60C-4722-A746-5753A2AAB465}.Debug|Any CPU.Build.0 = Debug|Any CPU
		{2B60BAE5-C60C-4722-A746-5753A2AAB465}.Release|Any CPU.ActiveCfg = Release|Any CPU
		{2B60BAE5-C60C-4722-A746-5753A2AAB465}.Release|Any CPU.Build.0 = Release|Any CPU
	EndGlobalSection
	GlobalSection(SolutionProperties) = preSolution
		HideSolutionNode = FALSE
	EndGlobalSection
	GlobalSection(ExtensibilityGlobals) = postSolution
		SolutionGuid = {53FEC3BD-82E7-43E4-903F-34A0921BDF58}
	EndGlobalSection
EndGlobal
