
Microsoft Visual Studio Solution File, Format Version 12.00
# Visual Studio Version 17
VisualStudioVersion = 17.10.34928.147
MinimumVisualStudioVersion = 10.0.40219.1
Project("{FAE04EC0-301F-11D3-BF4B-00C04F79EFBC}") = "DynamicStackPanel", "DynamicStackPanel\DynamicStackPanel.csproj", "{89EE596C-3909-4B6E-9110-A997F17F6C2B}"
EndProject
Global
	GlobalSection(SolutionConfigurationPlatforms) = preSolution
		Debug|ARM = Debug|ARM
		Debug|ARM64 = Debug|ARM64
		Debug|x64 = Debug|x64
		Debug|x86 = Debug|x86
		Release|ARM = Release|ARM
		Release|ARM64 = Release|ARM64
		Release|x64 = Release|x64
		Release|x86 = Release|x86
	EndGlobalSection
	GlobalSection(ProjectConfigurationPlatforms) = postSolution
		{89EE596C-3909-4B6E-9110-A997F17F6C2B}.Debug|ARM.ActiveCfg = Debug|ARM
		{89EE596C-3909-4B6E-9110-A997F17F6C2B}.Debug|ARM.Build.0 = Debug|ARM
		{89EE596C-3909-4B6E-9110-A997F17F6C2B}.Debug|ARM.Deploy.0 = Debug|ARM
		{89EE596C-3909-4B6E-9110-A997F17F6C2B}.Debug|ARM64.ActiveCfg = Debug|ARM64
		{89EE596C-3909-4B6E-9110-A997F17F6C2B}.Debug|ARM64.Build.0 = Debug|ARM64
		{89EE596C-3909-4B6E-9110-A997F17F6C2B}.Debug|ARM64.Deploy.0 = Debug|ARM64
		{89EE596C-3909-4B6E-9110-A997F17F6C2B}.Debug|x64.ActiveCfg = Debug|x64
		{89EE596C-3909-4B6E-9110-A997F17F6C2B}.Debug|x64.Build.0 = Debug|x64
		{89EE596C-3909-4B6E-9110-A997F17F6C2B}.Debug|x64.Deploy.0 = Debug|x64
		{89EE596C-3909-4B6E-9110-A997F17F6C2B}.Debug|x86.ActiveCfg = Debug|x86
		{89EE596C-3909-4B6E-9110-A997F17F6C2B}.Debug|x86.Build.0 = Debug|x86
		{89EE596C-3909-4B6E-9110-A997F17F6C2B}.Debug|x86.Deploy.0 = Debug|x86
		{89EE596C-3909-4B6E-9110-A997F17F6C2B}.Release|ARM.ActiveCfg = Release|ARM
		{89EE596C-3909-4B6E-9110-A997F17F6C2B}.Release|ARM.Build.0 = Release|ARM
		{89EE596C-3909-4B6E-9110-A997F17F6C2B}.Release|ARM.Deploy.0 = Release|ARM
		{89EE596C-3909-4B6E-9110-A997F17F6C2B}.Release|ARM64.ActiveCfg = Release|ARM64
		{89EE596C-3909-4B6E-9110-A997F17F6C2B}.Release|ARM64.Build.0 = Release|ARM64
		{89EE596C-3909-4B6E-9110-A997F17F6C2B}.Release|ARM64.Deploy.0 = Release|ARM64
		{89EE596C-3909-4B6E-9110-A997F17F6C2B}.Release|x64.ActiveCfg = Release|x64
		{89EE596C-3909-4B6E-9110-A997F17F6C2B}.Release|x64.Build.0 = Release|x64
		{89EE596C-3909-4B6E-9110-A997F17F6C2B}.Release|x64.Deploy.0 = Release|x64
		{89EE596C-3909-4B6E-9110-A997F17F6C2B}.Release|x86.ActiveCfg = Release|x86
		{89EE596C-3909-4B6E-9110-A997F17F6C2B}.Release|x86.Build.0 = Release|x86
		{89EE596C-3909-4B6E-9110-A997F17F6C2B}.Release|x86.Deploy.0 = Release|x86
	EndGlobalSection
	GlobalSection(SolutionProperties) = preSolution
		HideSolutionNode = FALSE
	EndGlobalSection
	GlobalSection(ExtensibilityGlobals) = postSolution
		SolutionGuid = {7C9A5E50-6B35-4B07-B042-8F76BF1184AF}
	EndGlobalSection
EndGlobal
