
Microsoft Visual Studio Solution File, Format Version 12.00
# Visual Studio Version 17
VisualStudioVersion = 17.10.35027.167
MinimumVisualStudioVersion = 10.0.40219.1
Project("{FAE04EC0-301F-11D3-BF4B-00C04F79EFBC}") = "BasicQuadraticBezierSegment", "BasicQuadraticBezierSegment\BasicQuadraticBezierSegment.csproj", "{10AD277E-430D-4FF7-BFD7-282DED34CCFB}"
EndProject
Global
	GlobalSection(SolutionConfigurationPlatforms) = preSolution
		Debug|Any CPU = Debug|Any CPU
		Release|Any CPU = Release|Any CPU
	EndGlobalSection
	GlobalSection(ProjectConfigurationPlatforms) = postSolution
		{10AD277E-430D-4FF7-BFD7-282DED34CCFB}.Debug|Any CPU.ActiveCfg = Debug|Any CPU
		{10AD277E-430D-4FF7-BFD7-282DED34CCFB}.Debug|Any CPU.Build.0 = Debug|Any CPU
		{10AD277E-430D-4FF7-BFD7-282DED34CCFB}.Release|Any CPU.ActiveCfg = Release|Any CPU
		{10AD277E-430D-4FF7-BFD7-282DED34CCFB}.Release|Any CPU.Build.0 = Release|Any CPU
	EndGlobalSection
	GlobalSection(SolutionProperties) = preSolution
		HideSolutionNode = FALSE
	EndGlobalSection
	GlobalSection(ExtensibilityGlobals) = postSolution
		SolutionGuid = {8DA6607F-2F63-4A87-AF73-4EC2597C2DFB}
	EndGlobalSection
EndGlobal
