
Microsoft Visual Studio Solution File, Format Version 12.00
# Visual Studio Version 17
VisualStudioVersion = 17.10.34928.147
MinimumVisualStudioVersion = 10.0.40219.1
Project("{FAE04EC0-301F-11D3-BF4B-00C04F79EFBC}") = "DynamicLineCreation", "DynamicLineCreation\DynamicLineCreation.csproj", "{7445BAFD-07FC-41E0-B092-5A86E51D0BCF}"
EndProject
Global
	GlobalSection(SolutionConfigurationPlatforms) = preSolution
		Debug|Any CPU = Debug|Any CPU
		Release|Any CPU = Release|Any CPU
	EndGlobalSection
	GlobalSection(ProjectConfigurationPlatforms) = postSolution
		{7445BAFD-07FC-41E0-B092-5A86E51D0BCF}.Debug|Any CPU.ActiveCfg = Debug|Any CPU
		{7445BAFD-07FC-41E0-B092-5A86E51D0BCF}.Debug|Any CPU.Build.0 = Debug|Any CPU
		{7445BAFD-07FC-41E0-B092-5A86E51D0BCF}.Release|Any CPU.ActiveCfg = Release|Any CPU
		{7445BAFD-07FC-41E0-B092-5A86E51D0BCF}.Release|Any CPU.Build.0 = Release|Any CPU
	EndGlobalSection
	GlobalSection(SolutionProperties) = preSolution
		HideSolutionNode = FALSE
	EndGlobalSection
	GlobalSection(ExtensibilityGlobals) = postSolution
		SolutionGuid = {FCD1F718-134B-40AE-833D-C1C09DB20F65}
	EndGlobalSection
EndGlobal
