
Microsoft Visual Studio Solution File, Format Version 12.00
# Visual Studio Version 17
VisualStudioVersion = 17.10.34928.147
MinimumVisualStudioVersion = 10.0.40219.1
Project("{FAE04EC0-301F-11D3-BF4B-00C04F79EFBC}") = "ScrollViewerWithGrid", "ScrollViewerWithGrid\ScrollViewerWithGrid.csproj", "{1A540DDB-3BF4-44F2-A379-D6FE34AF9421}"
EndProject
Global
	GlobalSection(SolutionConfigurationPlatforms) = preSolution
		Debug|Any CPU = Debug|Any CPU
		Release|Any CPU = Release|Any CPU
	EndGlobalSection
	GlobalSection(ProjectConfigurationPlatforms) = postSolution
		{1A540DDB-3BF4-44F2-A379-D6FE34AF9421}.Debug|Any CPU.ActiveCfg = Debug|Any CPU
		{1A540DDB-3BF4-44F2-A379-D6FE34AF9421}.Debug|Any CPU.Build.0 = Debug|Any CPU
		{1A540DDB-3BF4-44F2-A379-D6FE34AF9421}.Release|Any CPU.ActiveCfg = Release|Any CPU
		{1A540DDB-3BF4-44F2-A379-D6FE34AF9421}.Release|Any CPU.Build.0 = Release|Any CPU
	EndGlobalSection
	GlobalSection(SolutionProperties) = preSolution
		HideSolutionNode = FALSE
	EndGlobalSection
	GlobalSection(ExtensibilityGlobals) = postSolution
		SolutionGuid = {63E23AA2-3ADD-4FDC-9C21-D458902F9607}
	EndGlobalSection
EndGlobal
