
Microsoft Visual Studio Solution File, Format Version 12.00
# Visual Studio Version 17
VisualStudioVersion = 17.10.35027.167
MinimumVisualStudioVersion = 10.0.40219.1
Project("{FAE04EC0-301F-11D3-BF4B-00C04F79EFBC}") = "BasicBezierSegment", "BasicBezierSegment\BasicBezierSegment.csproj", "{6FC4DDC0-B51E-47AD-87C5-87A2664D3E2F}"
EndProject
Global
	GlobalSection(SolutionConfigurationPlatforms) = preSolution
		Debug|Any CPU = Debug|Any CPU
		Release|Any CPU = Release|Any CPU
	EndGlobalSection
	GlobalSection(ProjectConfigurationPlatforms) = postSolution
		{6FC4DDC0-B51E-47AD-87C5-87A2664D3E2F}.Debug|Any CPU.ActiveCfg = Debug|Any CPU
		{6FC4DDC0-B51E-47AD-87C5-87A2664D3E2F}.Debug|Any CPU.Build.0 = Debug|Any CPU
		{6FC4DDC0-B51E-47AD-87C5-87A2664D3E2F}.Release|Any CPU.ActiveCfg = Release|Any CPU
		{6FC4DDC0-B51E-47AD-87C5-87A2664D3E2F}.Release|Any CPU.Build.0 = Release|Any CPU
	EndGlobalSection
	GlobalSection(SolutionProperties) = preSolution
		HideSolutionNode = FALSE
	EndGlobalSection
	GlobalSection(ExtensibilityGlobals) = postSolution
		SolutionGuid = {89BBFC7F-9A9F-4F11-8FE9-77E709918E33}
	EndGlobalSection
EndGlobal
